
Microsoft Visual Studio Solution File, Format Version 12.00
# Visual Studio Version 17
VisualStudioVersion = 17.13.35818.85 d17.13
MinimumVisualStudioVersion = 10.0.40219.1
Project("{FAE04EC0-301F-11D3-BF4B-00C04F79EFBC}") = "DemoLLD.Service", "DemoLLD.Service\DemoLLD.Service.csproj", "{C17FBD65-8A5F-4D5D-8D3A-B2B82E9A9365}"
EndProject
Project("{FAE04EC0-301F-11D3-BF4B-00C04F79EFBC}") = "Demo.LLD", "Demo.LLD\Demo.LLD.csproj", "{BF073337-2DB8-4DF3-8587-DDB5C45137F1}"
EndProject
Project("{FAE04EC0-301F-11D3-BF4B-00C04F79EFBC}") = "Demo.DDL.Services.Test", "Demo.DDL.Services.Test\Demo.DDL.Services.Test.csproj", "{4ED909DD-CD33-434F-8455-D9A193D482FA}"
EndProject
Global
	GlobalSection(SolutionConfigurationPlatforms) = preSolution
		Debug|Any CPU = Debug|Any CPU
		Release|Any CPU = Release|Any CPU
	EndGlobalSection
	GlobalSection(ProjectConfigurationPlatforms) = postSolution
		{C17FBD65-8A5F-4D5D-8D3A-B2B82E9A9365}.Debug|Any CPU.ActiveCfg = Debug|Any CPU
		{C17FBD65-8A5F-4D5D-8D3A-B2B82E9A9365}.Debug|Any CPU.Build.0 = Debug|Any CPU
		{C17FBD65-8A5F-4D5D-8D3A-B2B82E9A9365}.Release|Any CPU.ActiveCfg = Release|Any CPU
		{C17FBD65-8A5F-4D5D-8D3A-B2B82E9A9365}.Release|Any CPU.Build.0 = Release|Any CPU
		{BF073337-2DB8-4DF3-8587-DDB5C45137F1}.Debug|Any CPU.ActiveCfg = Debug|Any CPU
		{BF073337-2DB8-4DF3-8587-DDB5C45137F1}.Debug|Any CPU.Build.0 = Debug|Any CPU
		{BF073337-2DB8-4DF3-8587-DDB5C45137F1}.Release|Any CPU.ActiveCfg = Release|Any CPU
		{BF073337-2DB8-4DF3-8587-DDB5C45137F1}.Release|Any CPU.Build.0 = Release|Any CPU
		{4ED909DD-CD33-434F-8455-D9A193D482FA}.Debug|Any CPU.ActiveCfg = Debug|Any CPU
		{4ED909DD-CD33-434F-8455-D9A193D482FA}.Debug|Any CPU.Build.0 = Debug|Any CPU
		{4ED909DD-CD33-434F-8455-D9A193D482FA}.Release|Any CPU.ActiveCfg = Release|Any CPU
		{4ED909DD-CD33-434F-8455-D9A193D482FA}.Release|Any CPU.Build.0 = Release|Any CPU
	EndGlobalSection
	GlobalSection(SolutionProperties) = preSolution
		HideSolutionNode = FALSE
	EndGlobalSection
	GlobalSection(ExtensibilityGlobals) = postSolution
		SolutionGuid = {18582407-AC47-401D-8BB7-7D2D18FADD63}
	EndGlobalSection
EndGlobal
